{
  "name": "backend",
  "version": "1.0.0",
  "lockfileVersion": 3,
  "requires": true,
  "packages": {
    "": {
      "name": "backend",
      "version": "1.0.0",
      "license": "ISC",
      "dependencies": {
        "@remotion/paths": "^4.0.406",
        "@remotion/rounded-text-box": "^4.0.406"
      }
    },
    "node_modules/@remotion/layout-utils": {
      "version": "4.0.406",
      "resolved": "https://registry.npmjs.org/@remotion/layout-utils/-/layout-utils-4.0.406.tgz",
      "integrity": "sha512-x7lN3gtO2SSBddWJzzSRWIpJPngYzCgJFdE7VccGxux7NYAt9iR7R4U1LI+pUa3M7h1Zi46jAcdKThxOYh7wZg==",
      "license": "MIT"
    },
    "node_modules/@remotion/paths": {
      "version": "4.0.406",
      "resolved": "https://registry.npmjs.org/@remotion/paths/-/paths-4.0.406.tgz",
      "integrity": "sha512-JxI8qiDMBRIreGofDHI1NuUhWQ9ESdT/WpJHsGxAQr6+9X+oCtHCYnaitwV1DsnkyeBHCEx2RQ6LerlR4Jky+g==",
      "license": "MIT"
    },
    "node_modules/@remotion/rounded-text-box": {
      "version": "4.0.406",
      "resolved": "https://registry.npmjs.org/@remotion/rounded-text-box/-/rounded-text-box-4.0.406.tgz",
      "integrity": "sha512-ZcTpY+IcBzl6wL2+dmzkTMnwxQZK1sOirZLFy/BYaettbmJ9jwfuw9UuXawwGeRFFqMJzcb46nKrIsBBSikTZw==",
      "license": "MIT",
      "dependencies": {
        "@remotion/layout-utils": "4.0.406",
        "@remotion/paths": "4.0.406"
      }
    }
  }
}
